// !$*UTF8*$!
{
	archiveVersion = 1;
	classes = {
	};
	objectVersion = 56;
	objects = {

/* Begin PBXBuildFile section */
		C190217E2BF723E900FB1E03 /* WeatherForcastAppApp.swift in Sources */ = {isa = PBXBuildFile; fileRef = C190217D2BF723E900FB1E03 /* WeatherForcastAppApp.swift */; };
		C19021802BF723E900FB1E03 /* ContentView.swift in Sources */ = {isa = PBXBuildFile; fileRef = C190217F2BF723E900FB1E03 /* ContentView.swift */; };
		C19021822BF723EB00FB1E03 /* Assets.xcassets in Resources */ = {isa = PBXBuildFile; fileRef = C19021812BF723EB00FB1E03 /* Assets.xcassets */; };
		C19021852BF723EB00FB1E03 /* Preview Assets.xcassets in Resources */ = {isa = PBXBuildFile; fileRef = C19021842BF723EB00FB1E03 /* Preview Assets.xcassets */; };
		C190218F2BF723EB00FB1E03 /* WeatherForcastAppTests.swift in Sources */ = {isa = PBXBuildFile; fileRef = C190218E2BF723EB00FB1E03 /* WeatherForcastAppTests.swift */; };
		C19021992BF723EB00FB1E03 /* WeatherForcastAppUITests.swift in Sources */ = {isa = PBXBuildFile; fileRef = C19021982BF723EB00FB1E03 /* WeatherForcastAppUITests.swift */; };
		C190219B2BF723EB00FB1E03 /* WeatherForcastAppUITestsLaunchTests.swift in Sources */ = {isa = PBXBuildFile; fileRef = C190219A2BF723EB00FB1E03 /* WeatherForcastAppUITestsLaunchTests.swift */; };
		C19021A82BF7242D00FB1E03 /* WeatherService.swift in Sources */ = {isa = PBXBuildFile; fileRef = C19021A72BF7242D00FB1E03 /* WeatherService.swift */; };
		C19021AA2BF7245100FB1E03 /* WeatherViewModel.swift in Sources */ = {isa = PBXBuildFile; fileRef = C19021A92BF7245100FB1E03 /* WeatherViewModel.swift */; };
/* End PBXBuildFile section */

/* Begin PBXContainerItemProxy section */
		C190218B2BF723EB00FB1E03 /* PBXContainerItemProxy */ = {
			isa = PBXContainerItemProxy;
			containerPortal = C19021722BF723E900FB1E03 /* Project object */;
			proxyType = 1;
			remoteGlobalIDString = C19021792BF723E900FB1E03;
			remoteInfo = WeatherForcastApp;
		};
		C19021952BF723EB00FB1E03 /* PBXContainerItemProxy */ = {
			isa = PBXContainerItemProxy;
			containerPortal = C19021722BF723E900FB1E03 /* Project object */;
			proxyType = 1;
			remoteGlobalIDString = C19021792BF723E900FB1E03;
			remoteInfo = WeatherForcastApp;
		};
/* End PBXContainerItemProxy section */

/* Begin PBXFileReference section */
		C190217A2BF723E900FB1E03 /* WeatherForcastApp.app */ = {isa = PBXFileReference; explicitFileType = wrapper.application; includeInIndex = 0; path = WeatherForcastApp.app; sourceTree = BUILT_PRODUCTS_DIR; };
		C190217D2BF723E900FB1E03 /* WeatherForcastAppApp.swift */ = {isa = PBXFileReference; lastKnownFileType = sourcecode.swift; path = WeatherForcastAppApp.swift; sourceTree = "<group>"; };
		C190217F2BF723E900FB1E03 /* ContentView.swift */ = {isa = PBXFileReference; lastKnownFileType = sourcecode.swift; path = ContentView.swift; sourceTree = "<group>"; };
		C19021812BF723EB00FB1E03 /* Assets.xcassets */ = {isa = PBXFileReference; lastKnownFileType = folder.assetcatalog; path = Assets.xcassets; sourceTree = "<group>"; };
		C19021842BF723EB00FB1E03 /* Preview Assets.xcassets */ = {isa = PBXFileReference; lastKnownFileType = folder.assetcatalog; path = "Preview Assets.xcassets"; sourceTree = "<group>"; };
		C190218A2BF723EB00FB1E03 /* WeatherForcastAppTests.xctest */ = {isa = PBXFileReference; explicitFileType = wrapper.cfbundle; includeInIndex = 0; path = WeatherForcastAppTests.xctest; sourceTree = BUILT_PRODUCTS_DIR; };
		C190218E2BF723EB00FB1E03 /* WeatherForcastAppTests.swift */ = {isa = PBXFileReference; lastKnownFileType = sourcecode.swift; path = WeatherForcastAppTests.swift; sourceTree = "<group>"; };
		C19021942BF723EB00FB1E03 /* WeatherForcastAppUITests.xctest */ = {isa = PBXFileReference; explicitFileType = wrapper.cfbundle; includeInIndex = 0; path = WeatherForcastAppUITests.xctest; sourceTree = BUILT_PRODUCTS_DIR; };
		C19021982BF723EB00FB1E03 /* WeatherForcastAppUITests.swift */ = {isa = PBXFileReference; lastKnownFileType = sourcecode.swift; path = WeatherForcastAppUITests.swift; sourceTree = "<group>"; };
		C190219A2BF723EB00FB1E03 /* WeatherForcastAppUITestsLaunchTests.swift */ = {isa = PBXFileReference; lastKnownFileType = sourcecode.swift; path = WeatherForcastAppUITestsLaunchTests.swift; sourceTree = "<group>"; };
		C19021A72BF7242D00FB1E03 /* WeatherService.swift */ = {isa = PBXFileReference; lastKnownFileType = sourcecode.swift; path = WeatherService.swift; sourceTree = "<group>"; };
		C19021A92BF7245100FB1E03 /* WeatherViewModel.swift */ = {isa = PBXFileReference; lastKnownFileType = sourcecode.swift; path = WeatherViewModel.swift; sourceTree = "<group>"; };
/* End PBXFileReference section */

/* Begin PBXFrameworksBuildPhase section */
		C19021772BF723E900FB1E03 /* Frameworks */ = {
			isa = PBXFrameworksBuildPhase;
			buildActionMask = 2147483647;
			files = (
			);
			runOnlyForDeploymentPostprocessing = 0;
		};
		C19021872BF723EB00FB1E03 /* Frameworks */ = {
			isa = PBXFrameworksBuildPhase;
			buildActionMask = 2147483647;
			files = (
			);
			runOnlyForDeploymentPostprocessing = 0;
		};
		C19021912BF723EB00FB1E03 /* Frameworks */ = {
			isa = PBXFrameworksBuildPhase;
			buildActionMask = 2147483647;
			files = (
			);
			runOnlyForDeploymentPostprocessing = 0;
		};
/* End PBXFrameworksBuildPhase section */

/* Begin PBXGroup section */
		C19021712BF723E900FB1E03 = {
			isa = PBXGroup;
			children = (
				C190217C2BF723E900FB1E03 /* WeatherForcastApp */,
				C190218D2BF723EB00FB1E03 /* WeatherForcastAppTests */,
				C19021972BF723EB00FB1E03 /* WeatherForcastAppUITests */,
				C190217B2BF723E900FB1E03 /* Products */,
			);
			sourceTree = "<group>";
		};
		C190217B2BF723E900FB1E03 /* Products */ = {
			isa = PBXGroup;
			children = (
				C190217A2BF723E900FB1E03 /* WeatherForcastApp.app */,
				C190218A2BF723EB00FB1E03 /* WeatherForcastAppTests.xctest */,
				C19021942BF723EB00FB1E03 /* WeatherForcastAppUITests.xctest */,
			);
			name = Products;
			sourceTree = "<group>";
		};
		C190217C2BF723E900FB1E03 /* WeatherForcastApp */ = {
			isa = PBXGroup;
			children = (
				C190217D2BF723E900FB1E03 /* WeatherForcastAppApp.swift */,
				C190217F2BF723E900FB1E03 /* ContentView.swift */,
				C19021A72BF7242D00FB1E03 /* WeatherService.swift */,
				C19021A92BF7245100FB1E03 /* WeatherViewModel.swift */,
				C19021812BF723EB00FB1E03 /* Assets.xcassets */,
				C19021832BF723EB00FB1E03 /* Preview Content */,
			);
			path = WeatherForcastApp;
			sourceTree = "<group>";
		};
		C19021832BF723EB00FB1E03 /* Preview Content */ = {
			isa = PBXGroup;
			children = (
				C19021842BF723EB00FB1E03 /* Preview Assets.xcassets */,
			);
			path = "Preview Content";
			sourceTree = "<group>";
		};
		C190218D2BF723EB00FB1E03 /* WeatherForcastAppTests */ = {
			isa = PBXGroup;
			children = (
				C190218E2BF723EB00FB1E03 /* WeatherForcastAppTests.swift */,
			);
			path = WeatherForcastAppTests;
			sourceTree = "<group>";
		};
		C19021972BF723EB00FB1E03 /* WeatherForcastAppUITests */ = {
			isa = PBXGroup;
			children = (
				C19021982BF723EB00FB1E03 /* WeatherForcastAppUITests.swift */,
				C190219A2BF723EB00FB1E03 /* WeatherForcastAppUITestsLaunchTests.swift */,
			);
			path = WeatherForcastAppUITests;
			sourceTree = "<group>";
		};
/* End PBXGroup section */

/* Begin PBXNativeTarget section */
		C19021792BF723E900FB1E03 /* WeatherForcastApp */ = {
			isa = PBXNativeTarget;
			buildConfigurationList = C190219E2BF723EB00FB1E03 /* Build configuration list for PBXNativeTarget "WeatherForcastApp" */;
			buildPhases = (
				C19021762BF723E900FB1E03 /* Sources */,
				C19021772BF723E900FB1E03 /* Frameworks */,
				C19021782BF723E900FB1E03 /* Resources */,
			);
			buildRules = (
			);
			dependencies = (
			);
			name = WeatherForcastApp;
			productName = WeatherForcastApp;
			productReference = C190217A2BF723E900FB1E03 /* WeatherForcastApp.app */;
			productType = "com.apple.product-type.application";
		};
		C19021892BF723EB00FB1E03 /* WeatherForcastAppTests */ = {
			isa = PBXNativeTarget;
			buildConfigurationList = C19021A12BF723EB00FB1E03 /* Build configuration list for PBXNativeTarget "WeatherForcastAppTests" */;
			buildPhases = (
				C19021862BF723EB00FB1E03 /* Sources */,
				C19021872BF723EB00FB1E03 /* Frameworks */,
				C19021882BF723EB00FB1E03 /* Resources */,
			);
			buildRules = (
			);
			dependencies = (
				C190218C2BF723EB00FB1E03 /* PBXTargetDependency */,
			);
			name = WeatherForcastAppTests;
			productName = WeatherForcastAppTests;
			productReference = C190218A2BF723EB00FB1E03 /* WeatherForcastAppTests.xctest */;
			productType = "com.apple.product-type.bundle.unit-test";
		};
		C19021932BF723EB00FB1E03 /* WeatherForcastAppUITests */ = {
			isa = PBXNativeTarget;
			buildConfigurationList = C19021A42BF723EB00FB1E03 /* Build configuration list for PBXNativeTarget "WeatherForcastAppUITests" */;
			buildPhases = (
				C19021902BF723EB00FB1E03 /* Sources */,
				C19021912BF723EB00FB1E03 /* Frameworks */,
				C19021922BF723EB00FB1E03 /* Resources */,
			);
			buildRules = (
			);
			dependencies = (
				C19021962BF723EB00FB1E03 /* PBXTargetDependency */,
			);
			name = WeatherForcastAppUITests;
			productName = WeatherForcastAppUITests;
			productReference = C19021942BF723EB00FB1E03 /* WeatherForcastAppUITests.xctest */;
			productType = "com.apple.product-type.bundle.ui-testing";
		};
/* End PBXNativeTarget section */

/* Begin PBXProject section */
		C19021722BF723E900FB1E03 /* Project object */ = {
			isa = PBXProject;
			attributes = {
				BuildIndependentTargetsInParallel = 1;
				LastSwiftUpdateCheck = 1500;
				LastUpgradeCheck = 1500;
				TargetAttributes = {
					C19021792BF723E900FB1E03 = {
						CreatedOnToolsVersion = 15.0;
					};
					C19021892BF723EB00FB1E03 = {
						CreatedOnToolsVersion = 15.0;
						TestTargetID = C19021792BF723E900FB1E03;
					};
					C19021932BF723EB00FB1E03 = {
						CreatedOnToolsVersion = 15.0;
						TestTargetID = C19021792BF723E900FB1E03;
					};
				};
			};
			buildConfigurationList = C19021752BF723E900FB1E03 /* Build configuration list for PBXProject "WeatherForcastApp" */;
			compatibilityVersion = "Xcode 14.0";
			developmentRegion = en;
			hasScannedForEncodings = 0;
			knownRegions = (
				en,
				Base,
			);
			mainGroup = C19021712BF723E900FB1E03;
			productRefGroup = C190217B2BF723E900FB1E03 /* Products */;
			projectDirPath = "";
			projectRoot = "";
			targets = (
				C19021792BF723E900FB1E03 /* WeatherForcastApp */,
				C19021892BF723EB00FB1E03 /* WeatherForcastAppTests */,
				C19021932BF723EB00FB1E03 /* WeatherForcastAppUITests */,
			);
		};
/* End PBXProject section */

/* Begin PBXResourcesBuildPhase section */
		C19021782BF723E900FB1E03 /* Resources */ = {
			isa = PBXResourcesBuildPhase;
			buildActionMask = 2147483647;
			files = (
				C19021852BF723EB00FB1E03 /* Preview Assets.xcassets in Resources */,
				C19021822BF723EB00FB1E03 /* Assets.xcassets in Resources */,
			);
			runOnlyForDeploymentPostprocessing = 0;
		};
		C19021882BF723EB00FB1E03 /* Resources */ = {
			isa = PBXResourcesBuildPhase;
			buildActionMask = 2147483647;
			files = (
			);
			runOnlyForDeploymentPostprocessing = 0;
		};
		C19021922BF723EB00FB1E03 /* Resources */ = {
			isa = PBXResourcesBuildPhase;
			buildActionMask = 2147483647;
			files = (
			);
			runOnlyForDeploymentPostprocessing = 0;
		};
/* End PBXResourcesBuildPhase section */

/* Begin PBXSourcesBuildPhase section */
		C19021762BF723E900FB1E03 /* Sources */ = {
			isa = PBXSourcesBuildPhase;
			buildActionMask = 2147483647;
			files = (
				C19021802BF723E900FB1E03 /* ContentView.swift in Sources */,
				C19021AA2BF7245100FB1E03 /* WeatherViewModel.swift in Sources */,
				C19021A82BF7242D00FB1E03 /* WeatherService.swift in Sources */,
				C190217E2BF723E900FB1E03 /* WeatherForcastAppApp.swift in Sources */,
			);
			runOnlyForDeploymentPostprocessing = 0;
		};
		C19021862BF723EB00FB1E03 /* Sources */ = {
			isa = PBXSourcesBuildPhase;
			buildActionMask = 2147483647;
			files = (
				C190218F2BF723EB00FB1E03 /* WeatherForcastAppTests.swift in Sources */,
			);
			runOnlyForDeploymentPostprocessing = 0;
		};
		C19021902BF723EB00FB1E03 /* Sources */ = {
			isa = PBXSourcesBuildPhase;
			buildActionMask = 2147483647;
			files = (
				C190219B2BF723EB00FB1E03 /* WeatherForcastAppUITestsLaunchTests.swift in Sources */,
				C19021992BF723EB00FB1E03 /* WeatherForcastAppUITests.swift in Sources */,
			);
			runOnlyForDeploymentPostprocessing = 0;
		};
/* End PBXSourcesBuildPhase section */

/* Begin PBXTargetDependency section */
		C190218C2BF723EB00FB1E03 /* PBXTargetDependency */ = {
			isa = PBXTargetDependency;
			target = C19021792BF723E900FB1E03 /* WeatherForcastApp */;
			targetProxy = C190218B2BF723EB00FB1E03 /* PBXContainerItemProxy */;
		};
		C19021962BF723EB00FB1E03 /* PBXTargetDependency */ = {
			isa = PBXTargetDependency;
			target = C19021792BF723E900FB1E03 /* WeatherForcastApp */;
			targetProxy = C19021952BF723EB00FB1E03 /* PBXContainerItemProxy */;
		};
/* End PBXTargetDependency section */

/* Begin XCBuildConfiguration section */
		C190219C2BF723EB00FB1E03 /* Debug */ = {
			isa = XCBuildConfiguration;
			buildSettings = {
				ALWAYS_SEARCH_USER_PATHS = NO;
				ASSETCATALOG_COMPILER_GENERATE_SWIFT_ASSET_SYMBOL_EXTENSIONS = YES;
				CLANG_ANALYZER_NONNULL = YES;
				CLANG_ANALYZER_NUMBER_OBJECT_CONVERSION = YES_AGGRESSIVE;
				CLANG_CXX_LANGUAGE_STANDARD = "gnu++20";
				CLANG_ENABLE_MODULES = YES;
				CLANG_ENABLE_OBJC_ARC = YES;
				CLANG_ENABLE_OBJC_WEAK = YES;
				CLANG_WARN_BLOCK_CAPTURE_AUTORELEASING = YES;
				CLANG_WARN_BOOL_CONVERSION = YES;
				CLANG_WARN_COMMA = YES;
				CLANG_WARN_CONSTANT_CONVERSION = YES;
				CLANG_WARN_DEPRECATED_OBJC_IMPLEMENTATIONS = YES;
				CLANG_WARN_DIRECT_OBJC_ISA_USAGE = YES_ERROR;
				CLANG_WARN_DOCUMENTATION_COMMENTS = YES;
				CLANG_WARN_EMPTY_BODY = YES;
				CLANG_WARN_ENUM_CONVERSION = YES;
				CLANG_WARN_INFINITE_RECURSION = YES;
				CLANG_WARN_INT_CONVERSION = YES;
				CLANG_WARN_NON_LITERAL_NULL_CONVERSION = YES;
				CLANG_WARN_OBJC_IMPLICIT_RETAIN_SELF = YES;
				CLANG_WARN_OBJC_LITERAL_CONVERSION = YES;
				CLANG_WARN_OBJC_ROOT_CLASS = YES_ERROR;
				CLANG_WARN_QUOTED_INCLUDE_IN_FRAMEWORK_HEADER = YES;
				CLANG_WARN_RANGE_LOOP_ANALYSIS = YES;
				CLANG_WARN_STRICT_PROTOTYPES = YES;
				CLANG_WARN_SUSPICIOUS_MOVE = YES;
				CLANG_WARN_UNGUARDED_AVAILABILITY = YES_AGGRESSIVE;
				CLANG_WARN_UNREACHABLE_CODE = YES;
				CLANG_WARN__DUPLICATE_METHOD_MATCH = YES;
				COPY_PHASE_STRIP = NO;
				DEBUG_INFORMATION_FORMAT = dwarf;
				ENABLE_STRICT_OBJC_MSGSEND = YES;
				ENABLE_TESTABILITY = YES;
				ENABLE_USER_SCRIPT_SANDBOXING = YES;
				GCC_C_LANGUAGE_STANDARD = gnu17;
				GCC_DYNAMIC_NO_PIC = NO;
				GCC_NO_COMMON_BLOCKS = YES;
				GCC_OPTIMIZATION_LEVEL = 0;
				GCC_PREPROCESSOR_DEFINITIONS = (
					"DEBUG=1",
					"$(inherited)",
				);
				GCC_WARN_64_TO_32_BIT_CONVERSION = YES;
				GCC_WARN_ABOUT_RETURN_TYPE = YES_ERROR;
				GCC_WARN_UNDECLARED_SELECTOR = YES;
				GCC_WARN_UNINITIALIZED_AUTOS = YES_AGGRESSIVE;
				GCC_WARN_UNUSED_FUNCTION = YES;
				GCC_WARN_UNUSED_VARIABLE = YES;
				IPHONEOS_DEPLOYMENT_TARGET = 17.0;
				LOCALIZATION_PREFERS_STRING_CATALOGS = YES;
				MTL_ENABLE_DEBUG_INFO = INCLUDE_SOURCE;
				MTL_FAST_MATH = YES;
				ONLY_ACTIVE_ARCH = YES;
				SDKROOT = iphoneos;
				SWIFT_ACTIVE_COMPILATION_CONDITIONS = "DEBUG $(inherited)";
				SWIFT_OPTIMIZATION_LEVEL = "-Onone";
			};
			name = Debug;
		};
		C190219D2BF723EB00FB1E03 /* Release */ = {
			isa = XCBuildConfiguration;
			buildSettings = {
				ALWAYS_SEARCH_USER_PATHS = NO;
				ASSETCATALOG_COMPILER_GENERATE_SWIFT_ASSET_SYMBOL_EXTENSIONS = YES;
				CLANG_ANALYZER_NONNULL = YES;
				CLANG_ANALYZER_NUMBER_OBJECT_CONVERSION = YES_AGGRESSIVE;
				CLANG_CXX_LANGUAGE_STANDARD = "gnu++20";
				CLANG_ENABLE_MODULES = YES;
				CLANG_ENABLE_OBJC_ARC = YES;
				CLANG_ENABLE_OBJC_WEAK = YES;
				CLANG_WARN_BLOCK_CAPTURE_AUTORELEASING = YES;
				CLANG_WARN_BOOL_CONVERSION = YES;
				CLANG_WARN_COMMA = YES;
				CLANG_WARN_CONSTANT_CONVERSION = YES;
				CLANG_WARN_DEPRECATED_OBJC_IMPLEMENTATIONS = YES;
				CLANG_WARN_DIRECT_OBJC_ISA_USAGE = YES_ERROR;
				CLANG_WARN_DOCUMENTATION_COMMENTS = YES;
				CLANG_WARN_EMPTY_BODY = YES;
				CLANG_WARN_ENUM_CONVERSION = YES;
				CLANG_WARN_INFINITE_RECURSION = YES;
				CLANG_WARN_INT_CONVERSION = YES;
				CLANG_WARN_NON_LITERAL_NULL_CONVERSION = YES;
				CLANG_WARN_OBJC_IMPLICIT_RETAIN_SELF = YES;
				CLANG_WARN_OBJC_LITERAL_CONVERSION = YES;
				CLANG_WARN_OBJC_ROOT_CLASS = YES_ERROR;
				CLANG_WARN_QUOTED_INCLUDE_IN_FRAMEWORK_HEADER = YES;
				CLANG_WARN_RANGE_LOOP_ANALYSIS = YES;
				CLANG_WARN_STRICT_PROTOTYPES = YES;
				CLANG_WARN_SUSPICIOUS_MOVE = YES;
				CLANG_WARN_UNGUARDED_AVAILABILITY = YES_AGGRESSIVE;
				CLANG_WARN_UNREACHABLE_CODE = YES;
				CLANG_WARN__DUPLICATE_METHOD_MATCH = YES;
				COPY_PHASE_STRIP = NO;
				DEBUG_INFORMATION_FORMAT = "dwarf-with-dsym";
				ENABLE_NS_ASSERTIONS = NO;
				ENABLE_STRICT_OBJC_MSGSEND = YES;
				ENABLE_USER_SCRIPT_SANDBOXING = YES;
				GCC_C_LANGUAGE_STANDARD = gnu17;
				GCC_NO_COMMON_BLOCKS = YES;
				GCC_WARN_64_TO_32_BIT_CONVERSION = YES;
				GCC_WARN_ABOUT_RETURN_TYPE = YES_ERROR;
				GCC_WARN_UNDECLARED_SELECTOR = YES;
				GCC_WARN_UNINITIALIZED_AUTOS = YES_AGGRESSIVE;
				GCC_WARN_UNUSED_FUNCTION = YES;
				GCC_WARN_UNUSED_VARIABLE = YES;
				IPHONEOS_DEPLOYMENT_TARGET = 17.0;
				LOCALIZATION_PREFERS_STRING_CATALOGS = YES;
				MTL_ENABLE_DEBUG_INFO = NO;
				MTL_FAST_MATH = YES;
				SDKROOT = iphoneos;
				SWIFT_COMPILATION_MODE = wholemodule;
				VALIDATE_PRODUCT = YES;
			};
			name = Release;
		};
		C190219F2BF723EB00FB1E03 /* Debug */ = {
			isa = XCBuildConfiguration;
			buildSettings = {
				ASSETCATALOG_COMPILER_APPICON_NAME = AppIcon;
				ASSETCATALOG_COMPILER_GLOBAL_ACCENT_COLOR_NAME = AccentColor;
				CODE_SIGN_STYLE = Automatic;
				CURRENT_PROJECT_VERSION = 1;
				DEVELOPMENT_ASSET_PATHS = "\"WeatherForcastApp/Preview Content\"";
				DEVELOPMENT_TEAM = U5DD5Z44M4;
				ENABLE_PREVIEWS = YES;
				GENERATE_INFOPLIST_FILE = YES;
				INFOPLIST_KEY_NSLocationWhenInUseUsageDescription = "We need your location to provide weather updates";
				INFOPLIST_KEY_UIApplicationSceneManifest_Generation = YES;
				INFOPLIST_KEY_UIApplicationSupportsIndirectInputEvents = YES;
				INFOPLIST_KEY_UILaunchScreen_Generation = YES;
				INFOPLIST_KEY_UISupportedInterfaceOrientations_iPad = "UIInterfaceOrientationPortrait UIInterfaceOrientationPortraitUpsideDown UIInterfaceOrientationLandscapeLeft UIInterfaceOrientationLandscapeRight";
				INFOPLIST_KEY_UISupportedInterfaceOrientations_iPhone = "UIInterfaceOrientationPortrait UIInterfaceOrientationLandscapeLeft UIInterfaceOrientationLandscapeRight";
				LD_RUNPATH_SEARCH_PATHS = (
					"$(inherited)",
					"@executable_path/Frameworks",
				);
				MARKETING_VERSION = 1.0;
				PRODUCT_BUNDLE_IDENTIFIER = RohithKune.WeatherForcastApp;
				PRODUCT_NAME = "$(TARGET_NAME)";
				SWIFT_EMIT_LOC_STRINGS = YES;
				SWIFT_VERSION = 5.0;
				TARGETED_DEVICE_FAMILY = "1,2";
			};
			name = Debug;
		};
		C19021A02BF723EB00FB1E03 /* Release */ = {
			isa = XCBuildConfiguration;
			buildSettings = {
				ASSETCATALOG_COMPILER_APPICON_NAME = AppIcon;
				ASSETCATALOG_COMPILER_GLOBAL_ACCENT_COLOR_NAME = AccentColor;
				CODE_SIGN_STYLE = Automatic;
				CURRENT_PROJECT_VERSION = 1;
				DEVELOPMENT_ASSET_PATHS = "\"WeatherForcastApp/Preview Content\"";
				DEVELOPMENT_TEAM = U5DD5Z44M4;
				ENABLE_PREVIEWS = YES;
				GENERATE_INFOPLIST_FILE = YES;
				INFOPLIST_KEY_NSLocationWhenInUseUsageDescription = "We need your location to provide weather updates";
				INFOPLIST_KEY_UIApplicationSceneManifest_Generation = YES;
				INFOPLIST_KEY_UIApplicationSupportsIndirectInputEvents = YES;
				INFOPLIST_KEY_UILaunchScreen_Generation = YES;
				INFOPLIST_KEY_UISupportedInterfaceOrientations_iPad = "UIInterfaceOrientationPortrait UIInterfaceOrientationPortraitUpsideDown UIInterfaceOrientationLandscapeLeft UIInterfaceOrientationLandscapeRight";
				INFOPLIST_KEY_UISupportedInterfaceOrientations_iPhone = "UIInterfaceOrientationPortrait UIInterfaceOrientationLandscapeLeft UIInterfaceOrientationLandscapeRight";
				LD_RUNPATH_SEARCH_PATHS = (
					"$(inherited)",
					"@executable_path/Frameworks",
				);
				MARKETING_VERSION = 1.0;
				PRODUCT_BUNDLE_IDENTIFIER = RohithKune.WeatherForcastApp;
				PRODUCT_NAME = "$(TARGET_NAME)";
				SWIFT_EMIT_LOC_STRINGS = YES;
				SWIFT_VERSION = 5.0;
				TARGETED_DEVICE_FAMILY = "1,2";
			};
			name = Release;
		};
		C19021A22BF723EB00FB1E03 /* Debug */ = {
			isa = XCBuildConfiguration;
			buildSettings = {
				ALWAYS_EMBED_SWIFT_STANDARD_LIBRARIES = YES;
				BUNDLE_LOADER = "$(TEST_HOST)";
				CODE_SIGN_STYLE = Automatic;
				CURRENT_PROJECT_VERSION = 1;
				DEVELOPMENT_TEAM = U5DD5Z44M4;
				GENERATE_INFOPLIST_FILE = YES;
				IPHONEOS_DEPLOYMENT_TARGET = 17.0;
				MARKETING_VERSION = 1.0;
				PRODUCT_BUNDLE_IDENTIFIER = RohithKune.WeatherForcastAppTests;
				PRODUCT_NAME = "$(TARGET_NAME)";
				SWIFT_EMIT_LOC_STRINGS = NO;
				SWIFT_VERSION = 5.0;
				TARGETED_DEVICE_FAMILY = "1,2";
				TEST_HOST = "$(BUILT_PRODUCTS_DIR)/WeatherForcastApp.app/$(BUNDLE_EXECUTABLE_FOLDER_PATH)/WeatherForcastApp";
			};
			name = Debug;
		};
		C19021A32BF723EB00FB1E03 /* Release */ = {
			isa = XCBuildConfiguration;
			buildSettings = {
				ALWAYS_EMBED_SWIFT_STANDARD_LIBRARIES = YES;
				BUNDLE_LOADER = "$(TEST_HOST)";
				CODE_SIGN_STYLE = Automatic;
				CURRENT_PROJECT_VERSION = 1;
				DEVELOPMENT_TEAM = U5DD5Z44M4;
				GENERATE_INFOPLIST_FILE = YES;
				IPHONEOS_DEPLOYMENT_TARGET = 17.0;
				MARKETING_VERSION = 1.0;
				PRODUCT_BUNDLE_IDENTIFIER = RohithKune.WeatherForcastAppTests;
				PRODUCT_NAME = "$(TARGET_NAME)";
				SWIFT_EMIT_LOC_STRINGS = NO;
				SWIFT_VERSION = 5.0;
				TARGETED_DEVICE_FAMILY = "1,2";
				TEST_HOST = "$(BUILT_PRODUCTS_DIR)/WeatherForcastApp.app/$(BUNDLE_EXECUTABLE_FOLDER_PATH)/WeatherForcastApp";
			};
			name = Release;
		};
		C19021A52BF723EB00FB1E03 /* Debug */ = {
			isa = XCBuildConfiguration;
			buildSettings = {
				ALWAYS_EMBED_SWIFT_STANDARD_LIBRARIES = YES;
				CODE_SIGN_STYLE = Automatic;
				CURRENT_PROJECT_VERSION = 1;
				DEVELOPMENT_TEAM = U5DD5Z44M4;
				GENERATE_INFOPLIST_FILE = YES;
				MARKETING_VERSION = 1.0;
				PRODUCT_BUNDLE_IDENTIFIER = RohithKune.WeatherForcastAppUITests;
				PRODUCT_NAME = "$(TARGET_NAME)";
				SWIFT_EMIT_LOC_STRINGS = NO;
				SWIFT_VERSION = 5.0;
				TARGETED_DEVICE_FAMILY = "1,2";
				TEST_TARGET_NAME = WeatherForcastApp;
			};
			name = Debug;
		};
		C19021A62BF723EB00FB1E03 /* Release */ = {
			isa = XCBuildConfiguration;
			buildSettings = {
				ALWAYS_EMBED_SWIFT_STANDARD_LIBRARIES = YES;
				CODE_SIGN_STYLE = Automatic;
				CURRENT_PROJECT_VERSION = 1;
				DEVELOPMENT_TEAM = U5DD5Z44M4;
				GENERATE_INFOPLIST_FILE = YES;
				MARKETING_VERSION = 1.0;
				PRODUCT_BUNDLE_IDENTIFIER = RohithKune.WeatherForcastAppUITests;
				PRODUCT_NAME = "$(TARGET_NAME)";
				SWIFT_EMIT_LOC_STRINGS = NO;
				SWIFT_VERSION = 5.0;
				TARGETED_DEVICE_FAMILY = "1,2";
				TEST_TARGET_NAME = WeatherForcastApp;
			};
			name = Release;
		};
/* End XCBuildConfiguration section */

/* Begin XCConfigurationList section */
		C19021752BF723E900FB1E03 /* Build configuration list for PBXProject "WeatherForcastApp" */ = {
			isa = XCConfigurationList;
			buildConfigurations = (
				C190219C2BF723EB00FB1E03 /* Debug */,
				C190219D2BF723EB00FB1E03 /* Release */,
			);
			defaultConfigurationIsVisible = 0;
			defaultConfigurationName = Release;
		};
		C190219E2BF723EB00FB1E03 /* Build configuration list for PBXNativeTarget "WeatherForcastApp" */ = {
			isa = XCConfigurationList;
			buildConfigurations = (
				C190219F2BF723EB00FB1E03 /* Debug */,
				C19021A02BF723EB00FB1E03 /* Release */,
			);
			defaultConfigurationIsVisible = 0;
			defaultConfigurationName = Release;
		};
		C19021A12BF723EB00FB1E03 /* Build configuration list for PBXNativeTarget "WeatherForcastAppTests" */ = {
			isa = XCConfigurationList;
			buildConfigurations = (
				C19021A22BF723EB00FB1E03 /* Debug */,
				C19021A32BF723EB00FB1E03 /* Release */,
			);
			defaultConfigurationIsVisible = 0;
			defaultConfigurationName = Release;
		};
		C19021A42BF723EB00FB1E03 /* Build configuration list for PBXNativeTarget "WeatherForcastAppUITests" */ = {
			isa = XCConfigurationList;
			buildConfigurations = (
				C19021A52BF723EB00FB1E03 /* Debug */,
				C19021A62BF723EB00FB1E03 /* Release */,
			);
			defaultConfigurationIsVisible = 0;
			defaultConfigurationName = Release;
		};
/* End XCConfigurationList section */
	};
	rootObject = C19021722BF723E900FB1E03 /* Project object */;
}
